
Microsoft Visual Studio Solution File, Format Version 12.00
# Visual Studio 14
VisualStudioVersion = 14.0.25420.1
MinimumVisualStudioVersion = 10.0.40219.1
Project("{2150E333-8FDC-42A3-9474-1A3956D46DE8}") = "Core", "Core", "{ADE4BF05-987B-4F9B-9F73-77EF146BF848}"
EndProject
Project("{2150E333-8FDC-42A3-9474-1A3956D46DE8}") = "Infrastructure", "Infrastructure", "{FB5A10D5-D414-433D-8F3F-43E3A76540B3}"
EndProject
Project("{2150E333-8FDC-42A3-9474-1A3956D46DE8}") = "WebFrontEnd", "WebFrontEnd", "{1C317800-AA04-4BF5-8233-BF2B4014DBC7}"
EndProject
Project("{2150E333-8FDC-42A3-9474-1A3956D46DE8}") = "WebPlugins", "WebPlugins", "{9E86D91A-4B49-4321-AB3F-69AE11177E9A}"
EndProject
Project("{FAE04EC0-301F-11D3-BF4B-00C04F79EFBC}") = "PluggedMVC.Core.Plugable", "..\Core\PluggedMVC.Core.Plugable\PluggedMVC.Core.Plugable.csproj", "{48B446B8-8AC9-423E-9AA3-038E41766EC1}"
EndProject
Project("{FAE04EC0-301F-11D3-BF4B-00C04F79EFBC}") = "PluggedMVC.WebFrontEnd.MasterMVCApp", "..\WebFrontEnd\PluggedMVC.WebFrontEnd.MasterMVCApp\PluggedMVC.WebFrontEnd.MasterMVCApp.csproj", "{2178F7F5-BB8C-425D-8C5A-2E7CD045D62E}"
EndProject
Project("{FAE04EC0-301F-11D3-BF4B-00C04F79EFBC}") = "PluggedMVC.WebPlugins.MVCTemplate", "..\WebPlugins\PluggedMVC.WebPlugins.MVCTemplate\PluggedMVC.WebPlugins.MVCTemplate.csproj", "{DFF783F0-CA2E-476C-BF73-67144ACD3985}"
EndProject
Project("{FAE04EC0-301F-11D3-BF4B-00C04F79EFBC}") = "PluggedMVC.WebPlugins.ClassLibraryTemplate", "..\WebPlugins\PluggedMVC.WebPlugins.ClassLibraryTemplate\PluggedMVC.WebPlugins.ClassLibraryTemplate.csproj", "{CFA576FC-FB66-4120-BB27-DC12121E334C}"
EndProject
Project("{FAE04EC0-301F-11D3-BF4B-00C04F79EFBC}") = "PluggedMVC.Infrastructure.PluginRegister", "..\Infrastructure\PluggedMVC.Infrastructure.PluginRegister\PluggedMVC.Infrastructure.PluginRegister.csproj", "{AE89F788-0B17-46E0-9C4E-A1D15F08223B}"
EndProject
Project("{FAE04EC0-301F-11D3-BF4B-00C04F79EFBC}") = "PluggedMVC.Core.Data", "..\Core\PluggedMVC.Core.Data\PluggedMVC.Core.Data.csproj", "{6427061A-4B0E-442E-B670-8AE9FB2E8A4B}"
EndProject
Project("{FAE04EC0-301F-11D3-BF4B-00C04F79EFBC}") = "PluggedMVC.Infrastructure.Data", "..\Infrastructure\PluggedMVC.Infrastructure.Data\PluggedMVC.Infrastructure.Data.csproj", "{A446DDC4-7D51-4034-98F1-C9C4B88F986D}"
EndProject
Project("{FAE04EC0-301F-11D3-BF4B-00C04F79EFBC}") = "PluggedMVC.Infrastructure.Repository", "..\Infrastructure\PluggedMVC.Infrastructure.Repository\PluggedMVC.Infrastructure.Repository.csproj", "{B669CB29-9358-4157-AC68-E7F435174018}"
EndProject
Project("{FAE04EC0-301F-11D3-BF4B-00C04F79EFBC}") = "PluggedMVC.Core.Model", "..\Core\PluggedMVC.Core.Model\PluggedMVC.Core.Model.csproj", "{5A5C5CB3-80B3-4D8F-BD1B-85CED70A1536}"
EndProject
Project("{FAE04EC0-301F-11D3-BF4B-00C04F79EFBC}") = "PluggedMVC.Core.Service", "..\Core\PluggedMVC.Core.Service\PluggedMVC.Core.Service.csproj", "{90251E80-BFB7-4238-8752-9C31AD7961D8}"
EndProject
Project("{FAE04EC0-301F-11D3-BF4B-00C04F79EFBC}") = "PluggedMVC.Infrastructure.Service", "..\Infrastructure\PluggedMVC.Infrastructure.Service\PluggedMVC.Infrastructure.Service.csproj", "{236BAB2B-CD7B-44D3-80A8-27E7BDD85E64}"
EndProject
Project("{FAE04EC0-301F-11D3-BF4B-00C04F79EFBC}") = "PluggedMVC.WebFrontEnd.Resolver", "..\WebFrontEnd\PluggedMVC.WebFrontEnd.Resolver\PluggedMVC.WebFrontEnd.Resolver.csproj", "{3C4B6774-2C9B-4AF0-A2CD-58C34659FC8B}"
EndProject
Global
	GlobalSection(SolutionConfigurationPlatforms) = preSolution
		Debug|Any CPU = Debug|Any CPU
		Release|Any CPU = Release|Any CPU
	EndGlobalSection
	GlobalSection(ProjectConfigurationPlatforms) = postSolution
		{48B446B8-8AC9-423E-9AA3-038E41766EC1}.Debug|Any CPU.ActiveCfg = Debug|Any CPU
		{48B446B8-8AC9-423E-9AA3-038E41766EC1}.Debug|Any CPU.Build.0 = Debug|Any CPU
		{48B446B8-8AC9-423E-9AA3-038E41766EC1}.Release|Any CPU.ActiveCfg = Release|Any CPU
		{48B446B8-8AC9-423E-9AA3-038E41766EC1}.Release|Any CPU.Build.0 = Release|Any CPU
		{2178F7F5-BB8C-425D-8C5A-2E7CD045D62E}.Debug|Any CPU.ActiveCfg = Debug|Any CPU
		{2178F7F5-BB8C-425D-8C5A-2E7CD045D62E}.Debug|Any CPU.Build.0 = Debug|Any CPU
		{2178F7F5-BB8C-425D-8C5A-2E7CD045D62E}.Release|Any CPU.ActiveCfg = Release|Any CPU
		{2178F7F5-BB8C-425D-8C5A-2E7CD045D62E}.Release|Any CPU.Build.0 = Release|Any CPU
		{DFF783F0-CA2E-476C-BF73-67144ACD3985}.Debug|Any CPU.ActiveCfg = Debug|Any CPU
		{DFF783F0-CA2E-476C-BF73-67144ACD3985}.Debug|Any CPU.Build.0 = Debug|Any CPU
		{DFF783F0-CA2E-476C-BF73-67144ACD3985}.Release|Any CPU.ActiveCfg = Release|Any CPU
		{DFF783F0-CA2E-476C-BF73-67144ACD3985}.Release|Any CPU.Build.0 = Release|Any CPU
		{CFA576FC-FB66-4120-BB27-DC12121E334C}.Debug|Any CPU.ActiveCfg = Debug|Any CPU
		{CFA576FC-FB66-4120-BB27-DC12121E334C}.Debug|Any CPU.Build.0 = Debug|Any CPU
		{CFA576FC-FB66-4120-BB27-DC12121E334C}.Release|Any CPU.ActiveCfg = Release|Any CPU
		{CFA576FC-FB66-4120-BB27-DC12121E334C}.Release|Any CPU.Build.0 = Release|Any CPU
		{AE89F788-0B17-46E0-9C4E-A1D15F08223B}.Debug|Any CPU.ActiveCfg = Debug|Any CPU
		{AE89F788-0B17-46E0-9C4E-A1D15F08223B}.Debug|Any CPU.Build.0 = Debug|Any CPU
		{AE89F788-0B17-46E0-9C4E-A1D15F08223B}.Release|Any CPU.ActiveCfg = Release|Any CPU
		{AE89F788-0B17-46E0-9C4E-A1D15F08223B}.Release|Any CPU.Build.0 = Release|Any CPU
		{6427061A-4B0E-442E-B670-8AE9FB2E8A4B}.Debug|Any CPU.ActiveCfg = Debug|Any CPU
		{6427061A-4B0E-442E-B670-8AE9FB2E8A4B}.Debug|Any CPU.Build.0 = Debug|Any CPU
		{6427061A-4B0E-442E-B670-8AE9FB2E8A4B}.Release|Any CPU.ActiveCfg = Release|Any CPU
		{6427061A-4B0E-442E-B670-8AE9FB2E8A4B}.Release|Any CPU.Build.0 = Release|Any CPU
		{A446DDC4-7D51-4034-98F1-C9C4B88F986D}.Debug|Any CPU.ActiveCfg = Debug|Any CPU
		{A446DDC4-7D51-4034-98F1-C9C4B88F986D}.Debug|Any CPU.Build.0 = Debug|Any CPU
		{A446DDC4-7D51-4034-98F1-C9C4B88F986D}.Release|Any CPU.ActiveCfg = Release|Any CPU
		{A446DDC4-7D51-4034-98F1-C9C4B88F986D}.Release|Any CPU.Build.0 = Release|Any CPU
		{B669CB29-9358-4157-AC68-E7F435174018}.Debug|Any CPU.ActiveCfg = Debug|Any CPU
		{B669CB29-9358-4157-AC68-E7F435174018}.Debug|Any CPU.Build.0 = Debug|Any CPU
		{B669CB29-9358-4157-AC68-E7F435174018}.Release|Any CPU.ActiveCfg = Release|Any CPU
		{B669CB29-9358-4157-AC68-E7F435174018}.Release|Any CPU.Build.0 = Release|Any CPU
		{5A5C5CB3-80B3-4D8F-BD1B-85CED70A1536}.Debug|Any CPU.ActiveCfg = Debug|Any CPU
		{5A5C5CB3-80B3-4D8F-BD1B-85CED70A1536}.Debug|Any CPU.Build.0 = Debug|Any CPU
		{5A5C5CB3-80B3-4D8F-BD1B-85CED70A1536}.Release|Any CPU.ActiveCfg = Release|Any CPU
		{5A5C5CB3-80B3-4D8F-BD1B-85CED70A1536}.Release|Any CPU.Build.0 = Release|Any CPU
		{90251E80-BFB7-4238-8752-9C31AD7961D8}.Debug|Any CPU.ActiveCfg = Debug|Any CPU
		{90251E80-BFB7-4238-8752-9C31AD7961D8}.Debug|Any CPU.Build.0 = Debug|Any CPU
		{90251E80-BFB7-4238-8752-9C31AD7961D8}.Release|Any CPU.ActiveCfg = Release|Any CPU
		{90251E80-BFB7-4238-8752-9C31AD7961D8}.Release|Any CPU.Build.0 = Release|Any CPU
		{236BAB2B-CD7B-44D3-80A8-27E7BDD85E64}.Debug|Any CPU.ActiveCfg = Debug|Any CPU
		{236BAB2B-CD7B-44D3-80A8-27E7BDD85E64}.Debug|Any CPU.Build.0 = Debug|Any CPU
		{236BAB2B-CD7B-44D3-80A8-27E7BDD85E64}.Release|Any CPU.ActiveCfg = Release|Any CPU
		{236BAB2B-CD7B-44D3-80A8-27E7BDD85E64}.Release|Any CPU.Build.0 = Release|Any CPU
		{3C4B6774-2C9B-4AF0-A2CD-58C34659FC8B}.Debug|Any CPU.ActiveCfg = Debug|Any CPU
		{3C4B6774-2C9B-4AF0-A2CD-58C34659FC8B}.Debug|Any CPU.Build.0 = Debug|Any CPU
		{3C4B6774-2C9B-4AF0-A2CD-58C34659FC8B}.Release|Any CPU.ActiveCfg = Release|Any CPU
		{3C4B6774-2C9B-4AF0-A2CD-58C34659FC8B}.Release|Any CPU.Build.0 = Release|Any CPU
	EndGlobalSection
	GlobalSection(SolutionProperties) = preSolution
		HideSolutionNode = FALSE
	EndGlobalSection
	GlobalSection(NestedProjects) = preSolution
		{48B446B8-8AC9-423E-9AA3-038E41766EC1} = {ADE4BF05-987B-4F9B-9F73-77EF146BF848}
		{2178F7F5-BB8C-425D-8C5A-2E7CD045D62E} = {1C317800-AA04-4BF5-8233-BF2B4014DBC7}
		{DFF783F0-CA2E-476C-BF73-67144ACD3985} = {9E86D91A-4B49-4321-AB3F-69AE11177E9A}
		{CFA576FC-FB66-4120-BB27-DC12121E334C} = {9E86D91A-4B49-4321-AB3F-69AE11177E9A}
		{AE89F788-0B17-46E0-9C4E-A1D15F08223B} = {FB5A10D5-D414-433D-8F3F-43E3A76540B3}
		{6427061A-4B0E-442E-B670-8AE9FB2E8A4B} = {ADE4BF05-987B-4F9B-9F73-77EF146BF848}
		{A446DDC4-7D51-4034-98F1-C9C4B88F986D} = {FB5A10D5-D414-433D-8F3F-43E3A76540B3}
		{B669CB29-9358-4157-AC68-E7F435174018} = {FB5A10D5-D414-433D-8F3F-43E3A76540B3}
		{5A5C5CB3-80B3-4D8F-BD1B-85CED70A1536} = {ADE4BF05-987B-4F9B-9F73-77EF146BF848}
		{90251E80-BFB7-4238-8752-9C31AD7961D8} = {ADE4BF05-987B-4F9B-9F73-77EF146BF848}
		{236BAB2B-CD7B-44D3-80A8-27E7BDD85E64} = {FB5A10D5-D414-433D-8F3F-43E3A76540B3}
		{3C4B6774-2C9B-4AF0-A2CD-58C34659FC8B} = {1C317800-AA04-4BF5-8233-BF2B4014DBC7}
	EndGlobalSection
EndGlobal
